
Microsoft Visual Studio Solution File, Format Version 12.00
# Visual Studio 15
VisualStudioVersion = 15.0.26124.0
MinimumVisualStudioVersion = 15.0.26124.0
Project("{FAE04EC0-301F-11D3-BF4B-00C04F79EFBC}") = "SubstringConcatenationDomain", "SubstringConcatenationDomain\SubstringConcatenationDomain.csproj", "{BCB08D19-52E2-422F-85E7-BDDEB39D5A5E}"
EndProject
Project("{FAE04EC0-301F-11D3-BF4B-00C04F79EFBC}") = "SubstringConcatenationTests", "SubstringConcatenationTests\SubstringConcatenationTests.csproj", "{D274EDF4-F9BB-488D-ACA6-6D59DEA75926}"
EndProject
Project("{FAE04EC0-301F-11D3-BF4B-00C04F79EFBC}") = "SubstringConcatenationConsoleApp", "SubstringConcatenationConsoleApp\SubstringConcatenationConsoleApp.csproj", "{6F540BA7-83E3-4415-9296-AC827FFAF045}"
EndProject
Global
	GlobalSection(SolutionConfigurationPlatforms) = preSolution
		Debug|Any CPU = Debug|Any CPU
		Debug|x64 = Debug|x64
		Debug|x86 = Debug|x86
		Release|Any CPU = Release|Any CPU
		Release|x64 = Release|x64
		Release|x86 = Release|x86
	EndGlobalSection
	GlobalSection(SolutionProperties) = preSolution
		HideSolutionNode = FALSE
	EndGlobalSection
	GlobalSection(ProjectConfigurationPlatforms) = postSolution
		{BCB08D19-52E2-422F-85E7-BDDEB39D5A5E}.Debug|Any CPU.ActiveCfg = Debug|Any CPU
		{BCB08D19-52E2-422F-85E7-BDDEB39D5A5E}.Debug|Any CPU.Build.0 = Debug|Any CPU
		{BCB08D19-52E2-422F-85E7-BDDEB39D5A5E}.Debug|x64.ActiveCfg = Debug|Any CPU
		{BCB08D19-52E2-422F-85E7-BDDEB39D5A5E}.Debug|x64.Build.0 = Debug|Any CPU
		{BCB08D19-52E2-422F-85E7-BDDEB39D5A5E}.Debug|x86.ActiveCfg = Debug|Any CPU
		{BCB08D19-52E2-422F-85E7-BDDEB39D5A5E}.Debug|x86.Build.0 = Debug|Any CPU
		{BCB08D19-52E2-422F-85E7-BDDEB39D5A5E}.Release|Any CPU.ActiveCfg = Release|Any CPU
		{BCB08D19-52E2-422F-85E7-BDDEB39D5A5E}.Release|Any CPU.Build.0 = Release|Any CPU
		{BCB08D19-52E2-422F-85E7-BDDEB39D5A5E}.Release|x64.ActiveCfg = Release|Any CPU
		{BCB08D19-52E2-422F-85E7-BDDEB39D5A5E}.Release|x64.Build.0 = Release|Any CPU
		{BCB08D19-52E2-422F-85E7-BDDEB39D5A5E}.Release|x86.ActiveCfg = Release|Any CPU
		{BCB08D19-52E2-422F-85E7-BDDEB39D5A5E}.Release|x86.Build.0 = Release|Any CPU
		{D274EDF4-F9BB-488D-ACA6-6D59DEA75926}.Debug|Any CPU.ActiveCfg = Debug|Any CPU
		{D274EDF4-F9BB-488D-ACA6-6D59DEA75926}.Debug|Any CPU.Build.0 = Debug|Any CPU
		{D274EDF4-F9BB-488D-ACA6-6D59DEA75926}.Debug|x64.ActiveCfg = Debug|Any CPU
		{D274EDF4-F9BB-488D-ACA6-6D59DEA75926}.Debug|x64.Build.0 = Debug|Any CPU
		{D274EDF4-F9BB-488D-ACA6-6D59DEA75926}.Debug|x86.ActiveCfg = Debug|Any CPU
		{D274EDF4-F9BB-488D-ACA6-6D59DEA75926}.Debug|x86.Build.0 = Debug|Any CPU
		{D274EDF4-F9BB-488D-ACA6-6D59DEA75926}.Release|Any CPU.ActiveCfg = Release|Any CPU
		{D274EDF4-F9BB-488D-ACA6-6D59DEA75926}.Release|Any CPU.Build.0 = Release|Any CPU
		{D274EDF4-F9BB-488D-ACA6-6D59DEA75926}.Release|x64.ActiveCfg = Release|Any CPU
		{D274EDF4-F9BB-488D-ACA6-6D59DEA75926}.Release|x64.Build.0 = Release|Any CPU
		{D274EDF4-F9BB-488D-ACA6-6D59DEA75926}.Release|x86.ActiveCfg = Release|Any CPU
		{D274EDF4-F9BB-488D-ACA6-6D59DEA75926}.Release|x86.Build.0 = Release|Any CPU
		{6F540BA7-83E3-4415-9296-AC827FFAF045}.Debug|Any CPU.ActiveCfg = Debug|Any CPU
		{6F540BA7-83E3-4415-9296-AC827FFAF045}.Debug|Any CPU.Build.0 = Debug|Any CPU
		{6F540BA7-83E3-4415-9296-AC827FFAF045}.Debug|x64.ActiveCfg = Debug|Any CPU
		{6F540BA7-83E3-4415-9296-AC827FFAF045}.Debug|x64.Build.0 = Debug|Any CPU
		{6F540BA7-83E3-4415-9296-AC827FFAF045}.Debug|x86.ActiveCfg = Debug|Any CPU
		{6F540BA7-83E3-4415-9296-AC827FFAF045}.Debug|x86.Build.0 = Debug|Any CPU
		{6F540BA7-83E3-4415-9296-AC827FFAF045}.Release|Any CPU.ActiveCfg = Release|Any CPU
		{6F540BA7-83E3-4415-9296-AC827FFAF045}.Release|Any CPU.Build.0 = Release|Any CPU
		{6F540BA7-83E3-4415-9296-AC827FFAF045}.Release|x64.ActiveCfg = Release|Any CPU
		{6F540BA7-83E3-4415-9296-AC827FFAF045}.Release|x64.Build.0 = Release|Any CPU
		{6F540BA7-83E3-4415-9296-AC827FFAF045}.Release|x86.ActiveCfg = Release|Any CPU
		{6F540BA7-83E3-4415-9296-AC827FFAF045}.Release|x86.Build.0 = Release|Any CPU
	EndGlobalSection
EndGlobal
